
Microsoft Visual Studio Solution File, Format Version 12.00
# Visual Studio Version 17
VisualStudioVersion = 17.14.36429.23 d17.14
MinimumVisualStudioVersion = 10.0.40219.1
Project("{2150E333-8FDC-42A3-9474-1A3956D46DE8}") = "Services", "Services", "{02EA681E-C7D8-13C7-8484-4AC65E1B71E8}"
EndProject
Project("{FAE04EC0-301F-11D3-BF4B-00C04F79EFBC}") = "Catalog.Api", "services\catalog\Catalog.Api\Catalog.Api.csproj", "{06730B7E-308A-450B-A743-14832E51BCB6}"
EndProject
Project("{FAE04EC0-301F-11D3-BF4B-00C04F79EFBC}") = "Catalog.Application", "services\catalog\Catalog.Application\Catalog.Application.csproj", "{A0EF7FBA-7A05-4C9F-A9D7-4D10D6B7019D}"
EndProject
Project("{FAE04EC0-301F-11D3-BF4B-00C04F79EFBC}") = "Catalog.Core", "services\catalog\Catalog.Core\Catalog.Core.csproj", "{14246AE4-4FF3-4EB9-90B2-C7F515605F60}"
EndProject
Project("{FAE04EC0-301F-11D3-BF4B-00C04F79EFBC}") = "Catalog.Infrastructure", "services\catalog\Catalog.Infrastructure\Catalog.Infrastructure.csproj", "{7D7CAE09-414C-4226-9DE9-58913AEC255A}"
EndProject
Project("{E53339B2-1760-4266-BCC7-CA923CBCF16C}") = "docker-compose", "docker-compose.dcproj", "{81DDED9D-158B-E303-5F62-77A2896D2A5A}"
EndProject
Project("{2150E333-8FDC-42A3-9474-1A3956D46DE8}") = "Basket", "Basket", "{6A55B962-4496-423A-8BC0-BB7B262AEFB0}"
EndProject
Project("{2150E333-8FDC-42A3-9474-1A3956D46DE8}") = "Catalog", "Catalog", "{371FAE96-BA9B-4BB5-B7A1-BD297A48B313}"
EndProject
Project("{FAE04EC0-301F-11D3-BF4B-00C04F79EFBC}") = "Basket.Application", "services\basket\Basket.Application\Basket.Application.csproj", "{4219F366-C598-4914-8FDB-C2A7FDBA7520}"
EndProject
Project("{FAE04EC0-301F-11D3-BF4B-00C04F79EFBC}") = "Basket.Core", "services\basket\Basket.Core\Basket.Core.csproj", "{9A7B335A-40F8-4E1B-B0F6-358E34A3B193}"
EndProject
Project("{FAE04EC0-301F-11D3-BF4B-00C04F79EFBC}") = "Basket.Infrastructure", "services\basket\Basket.Infrastructure\Basket.Infrastructure.csproj", "{5D280C43-E16C-4113-BC09-38C494533DB8}"
EndProject
Project("{FAE04EC0-301F-11D3-BF4B-00C04F79EFBC}") = "Basket.Api", "services\basket\Basket.Api\Basket.Api.csproj", "{E010112B-D0F7-49BB-9E25-8950C25239E9}"
EndProject
Project("{2150E333-8FDC-42A3-9474-1A3956D46DE8}") = "Discount", "Discount", "{012C2760-9584-4D58-B5DC-5702BEB4550E}"
EndProject
Project("{FAE04EC0-301F-11D3-BF4B-00C04F79EFBC}") = "Discount.Api", "services\discount\Discount.Api\Discount.Api.csproj", "{08B46D87-1822-4878-A5D2-B8C918087BE1}"
EndProject
Project("{FAE04EC0-301F-11D3-BF4B-00C04F79EFBC}") = "Discount.Application", "services\discount\Discount.Application\Discount.Application.csproj", "{CBFADF38-99F6-4D4C-8288-FA11610A0A3B}"
EndProject
Project("{FAE04EC0-301F-11D3-BF4B-00C04F79EFBC}") = "Discount.Core", "services\discount\Discount.Core\Discount.Core.csproj", "{D7C044E3-ECB5-4DE9-8C8A-ECE0FB5F7670}"
EndProject
Project("{FAE04EC0-301F-11D3-BF4B-00C04F79EFBC}") = "Discount.Infrastructure", "services\discount\Discount.Infrastructure\Discount.Infrastructure.csproj", "{4EA9553C-C7D5-4046-BE5C-B6583B3C7A6E}"
EndProject
Project("{2150E333-8FDC-42A3-9474-1A3956D46DE8}") = "Ordering", "Ordering", "{99D411C8-6E5E-45A8-BBEB-D85C36C16DA5}"
EndProject
Project("{FAE04EC0-301F-11D3-BF4B-00C04F79EFBC}") = "Ordering.Api", "services\ordering\Ordering.Api\Ordering.Api.csproj", "{91C2FD48-8730-458C-AC11-FB0DF743ECF3}"
EndProject
Project("{FAE04EC0-301F-11D3-BF4B-00C04F79EFBC}") = "Ordering.Application", "services\ordering\Ordering.Application\Ordering.Application.csproj", "{58683D4F-62B5-4506-8081-A0C2D1D5CC9C}"
EndProject
Project("{FAE04EC0-301F-11D3-BF4B-00C04F79EFBC}") = "Ordering.Core", "services\ordering\Ordering.Core\Ordering.Core.csproj", "{48034183-28C7-4561-90C0-D347EDAA58D1}"
EndProject
Project("{FAE04EC0-301F-11D3-BF4B-00C04F79EFBC}") = "Ordering.Infrastructure", "services\ordering\Ordering.Infrastructure\Ordering.Infrastructure.csproj", "{F9FBB79F-4242-41DA-B877-45751EE709E3}"
EndProject
Project("{2150E333-8FDC-42A3-9474-1A3956D46DE8}") = "Infrastructure", "Infrastructure", "{8F6C37ED-2A87-4C96-9560-18F10A8A1646}"
EndProject
Project("{FAE04EC0-301F-11D3-BF4B-00C04F79EFBC}") = "EventBus.Messages", "Infrastructure\EventBus.Messages\EventBus.Messages.csproj", "{0F2F6A47-4AD8-4F23-B1B3-A8EBCB32378A}"
EndProject
Project("{FAE04EC0-301F-11D3-BF4B-00C04F79EFBC}") = "Common.Logging", "Infrastructure\ClassLibrary1\Common.Logging\Common.Logging.csproj", "{53C307EB-AAEC-45AF-B4BB-BC41A0C711CD}"
EndProject
Project("{2150E333-8FDC-42A3-9474-1A3956D46DE8}") = "ApiGateways", "ApiGateways", "{BE1E2FA2-3DB8-4513-B46E-A414068E2216}"
EndProject
Project("{FAE04EC0-301F-11D3-BF4B-00C04F79EFBC}") = "Ocelot.ApiGateways", "Infrastructure\ApiGateways\Ocelot.ApiGateways\Ocelot.ApiGateways.csproj", "{0ECE73B9-9112-452E-9455-C8A563D268EB}"
EndProject
Global
	GlobalSection(SolutionConfigurationPlatforms) = preSolution
		Debug|Any CPU = Debug|Any CPU
		Release|Any CPU = Release|Any CPU
	EndGlobalSection
	GlobalSection(ProjectConfigurationPlatforms) = postSolution
		{06730B7E-308A-450B-A743-14832E51BCB6}.Debug|Any CPU.ActiveCfg = Debug|Any CPU
		{06730B7E-308A-450B-A743-14832E51BCB6}.Debug|Any CPU.Build.0 = Debug|Any CPU
		{06730B7E-308A-450B-A743-14832E51BCB6}.Release|Any CPU.ActiveCfg = Release|Any CPU
		{06730B7E-308A-450B-A743-14832E51BCB6}.Release|Any CPU.Build.0 = Release|Any CPU
		{A0EF7FBA-7A05-4C9F-A9D7-4D10D6B7019D}.Debug|Any CPU.ActiveCfg = Debug|Any CPU
		{A0EF7FBA-7A05-4C9F-A9D7-4D10D6B7019D}.Debug|Any CPU.Build.0 = Debug|Any CPU
		{A0EF7FBA-7A05-4C9F-A9D7-4D10D6B7019D}.Release|Any CPU.ActiveCfg = Release|Any CPU
		{A0EF7FBA-7A05-4C9F-A9D7-4D10D6B7019D}.Release|Any CPU.Build.0 = Release|Any CPU
		{14246AE4-4FF3-4EB9-90B2-C7F515605F60}.Debug|Any CPU.ActiveCfg = Debug|Any CPU
		{14246AE4-4FF3-4EB9-90B2-C7F515605F60}.Debug|Any CPU.Build.0 = Debug|Any CPU
		{14246AE4-4FF3-4EB9-90B2-C7F515605F60}.Release|Any CPU.ActiveCfg = Release|Any CPU
		{14246AE4-4FF3-4EB9-90B2-C7F515605F60}.Release|Any CPU.Build.0 = Release|Any CPU
		{7D7CAE09-414C-4226-9DE9-58913AEC255A}.Debug|Any CPU.ActiveCfg = Debug|Any CPU
		{7D7CAE09-414C-4226-9DE9-58913AEC255A}.Debug|Any CPU.Build.0 = Debug|Any CPU
		{7D7CAE09-414C-4226-9DE9-58913AEC255A}.Release|Any CPU.ActiveCfg = Release|Any CPU
		{7D7CAE09-414C-4226-9DE9-58913AEC255A}.Release|Any CPU.Build.0 = Release|Any CPU
		{81DDED9D-158B-E303-5F62-77A2896D2A5A}.Debug|Any CPU.ActiveCfg = Debug|Any CPU
		{81DDED9D-158B-E303-5F62-77A2896D2A5A}.Debug|Any CPU.Build.0 = Debug|Any CPU
		{81DDED9D-158B-E303-5F62-77A2896D2A5A}.Release|Any CPU.ActiveCfg = Release|Any CPU
		{81DDED9D-158B-E303-5F62-77A2896D2A5A}.Release|Any CPU.Build.0 = Release|Any CPU
		{4219F366-C598-4914-8FDB-C2A7FDBA7520}.Debug|Any CPU.ActiveCfg = Debug|Any CPU
		{4219F366-C598-4914-8FDB-C2A7FDBA7520}.Debug|Any CPU.Build.0 = Debug|Any CPU
		{4219F366-C598-4914-8FDB-C2A7FDBA7520}.Release|Any CPU.ActiveCfg = Release|Any CPU
		{4219F366-C598-4914-8FDB-C2A7FDBA7520}.Release|Any CPU.Build.0 = Release|Any CPU
		{9A7B335A-40F8-4E1B-B0F6-358E34A3B193}.Debug|Any CPU.ActiveCfg = Debug|Any CPU
		{9A7B335A-40F8-4E1B-B0F6-358E34A3B193}.Debug|Any CPU.Build.0 = Debug|Any CPU
		{9A7B335A-40F8-4E1B-B0F6-358E34A3B193}.Release|Any CPU.ActiveCfg = Release|Any CPU
		{9A7B335A-40F8-4E1B-B0F6-358E34A3B193}.Release|Any CPU.Build.0 = Release|Any CPU
		{5D280C43-E16C-4113-BC09-38C494533DB8}.Debug|Any CPU.ActiveCfg = Debug|Any CPU
		{5D280C43-E16C-4113-BC09-38C494533DB8}.Debug|Any CPU.Build.0 = Debug|Any CPU
		{5D280C43-E16C-4113-BC09-38C494533DB8}.Release|Any CPU.ActiveCfg = Release|Any CPU
		{5D280C43-E16C-4113-BC09-38C494533DB8}.Release|Any CPU.Build.0 = Release|Any CPU
		{E010112B-D0F7-49BB-9E25-8950C25239E9}.Debug|Any CPU.ActiveCfg = Debug|Any CPU
		{E010112B-D0F7-49BB-9E25-8950C25239E9}.Debug|Any CPU.Build.0 = Debug|Any CPU
		{E010112B-D0F7-49BB-9E25-8950C25239E9}.Release|Any CPU.ActiveCfg = Release|Any CPU
		{E010112B-D0F7-49BB-9E25-8950C25239E9}.Release|Any CPU.Build.0 = Release|Any CPU
		{08B46D87-1822-4878-A5D2-B8C918087BE1}.Debug|Any CPU.ActiveCfg = Debug|Any CPU
		{08B46D87-1822-4878-A5D2-B8C918087BE1}.Debug|Any CPU.Build.0 = Debug|Any CPU
		{08B46D87-1822-4878-A5D2-B8C918087BE1}.Release|Any CPU.ActiveCfg = Release|Any CPU
		{08B46D87-1822-4878-A5D2-B8C918087BE1}.Release|Any CPU.Build.0 = Release|Any CPU
		{CBFADF38-99F6-4D4C-8288-FA11610A0A3B}.Debug|Any CPU.ActiveCfg = Debug|Any CPU
		{CBFADF38-99F6-4D4C-8288-FA11610A0A3B}.Debug|Any CPU.Build.0 = Debug|Any CPU
		{CBFADF38-99F6-4D4C-8288-FA11610A0A3B}.Release|Any CPU.ActiveCfg = Release|Any CPU
		{CBFADF38-99F6-4D4C-8288-FA11610A0A3B}.Release|Any CPU.Build.0 = Release|Any CPU
		{D7C044E3-ECB5-4DE9-8C8A-ECE0FB5F7670}.Debug|Any CPU.ActiveCfg = Debug|Any CPU
		{D7C044E3-ECB5-4DE9-8C8A-ECE0FB5F7670}.Debug|Any CPU.Build.0 = Debug|Any CPU
		{D7C044E3-ECB5-4DE9-8C8A-ECE0FB5F7670}.Release|Any CPU.ActiveCfg = Release|Any CPU
		{D7C044E3-ECB5-4DE9-8C8A-ECE0FB5F7670}.Release|Any CPU.Build.0 = Release|Any CPU
		{4EA9553C-C7D5-4046-BE5C-B6583B3C7A6E}.Debug|Any CPU.ActiveCfg = Debug|Any CPU
		{4EA9553C-C7D5-4046-BE5C-B6583B3C7A6E}.Debug|Any CPU.Build.0 = Debug|Any CPU
		{4EA9553C-C7D5-4046-BE5C-B6583B3C7A6E}.Release|Any CPU.ActiveCfg = Release|Any CPU
		{4EA9553C-C7D5-4046-BE5C-B6583B3C7A6E}.Release|Any CPU.Build.0 = Release|Any CPU
		{91C2FD48-8730-458C-AC11-FB0DF743ECF3}.Debug|Any CPU.ActiveCfg = Debug|Any CPU
		{91C2FD48-8730-458C-AC11-FB0DF743ECF3}.Debug|Any CPU.Build.0 = Debug|Any CPU
		{91C2FD48-8730-458C-AC11-FB0DF743ECF3}.Release|Any CPU.ActiveCfg = Release|Any CPU
		{91C2FD48-8730-458C-AC11-FB0DF743ECF3}.Release|Any CPU.Build.0 = Release|Any CPU
		{58683D4F-62B5-4506-8081-A0C2D1D5CC9C}.Debug|Any CPU.ActiveCfg = Debug|Any CPU
		{58683D4F-62B5-4506-8081-A0C2D1D5CC9C}.Debug|Any CPU.Build.0 = Debug|Any CPU
		{58683D4F-62B5-4506-8081-A0C2D1D5CC9C}.Release|Any CPU.ActiveCfg = Release|Any CPU
		{58683D4F-62B5-4506-8081-A0C2D1D5CC9C}.Release|Any CPU.Build.0 = Release|Any CPU
		{48034183-28C7-4561-90C0-D347EDAA58D1}.Debug|Any CPU.ActiveCfg = Debug|Any CPU
		{48034183-28C7-4561-90C0-D347EDAA58D1}.Debug|Any CPU.Build.0 = Debug|Any CPU
		{48034183-28C7-4561-90C0-D347EDAA58D1}.Release|Any CPU.ActiveCfg = Release|Any CPU
		{48034183-28C7-4561-90C0-D347EDAA58D1}.Release|Any CPU.Build.0 = Release|Any CPU
		{F9FBB79F-4242-41DA-B877-45751EE709E3}.Debug|Any CPU.ActiveCfg = Debug|Any CPU
		{F9FBB79F-4242-41DA-B877-45751EE709E3}.Debug|Any CPU.Build.0 = Debug|Any CPU
		{F9FBB79F-4242-41DA-B877-45751EE709E3}.Release|Any CPU.ActiveCfg = Release|Any CPU
		{F9FBB79F-4242-41DA-B877-45751EE709E3}.Release|Any CPU.Build.0 = Release|Any CPU
		{0F2F6A47-4AD8-4F23-B1B3-A8EBCB32378A}.Debug|Any CPU.ActiveCfg = Debug|Any CPU
		{0F2F6A47-4AD8-4F23-B1B3-A8EBCB32378A}.Debug|Any CPU.Build.0 = Debug|Any CPU
		{0F2F6A47-4AD8-4F23-B1B3-A8EBCB32378A}.Release|Any CPU.ActiveCfg = Release|Any CPU
		{0F2F6A47-4AD8-4F23-B1B3-A8EBCB32378A}.Release|Any CPU.Build.0 = Release|Any CPU
		{53C307EB-AAEC-45AF-B4BB-BC41A0C711CD}.Debug|Any CPU.ActiveCfg = Debug|Any CPU
		{53C307EB-AAEC-45AF-B4BB-BC41A0C711CD}.Debug|Any CPU.Build.0 = Debug|Any CPU
		{53C307EB-AAEC-45AF-B4BB-BC41A0C711CD}.Release|Any CPU.ActiveCfg = Release|Any CPU
		{53C307EB-AAEC-45AF-B4BB-BC41A0C711CD}.Release|Any CPU.Build.0 = Release|Any CPU
		{0ECE73B9-9112-452E-9455-C8A563D268EB}.Debug|Any CPU.ActiveCfg = Debug|Any CPU
		{0ECE73B9-9112-452E-9455-C8A563D268EB}.Debug|Any CPU.Build.0 = Debug|Any CPU
		{0ECE73B9-9112-452E-9455-C8A563D268EB}.Release|Any CPU.ActiveCfg = Release|Any CPU
		{0ECE73B9-9112-452E-9455-C8A563D268EB}.Release|Any CPU.Build.0 = Release|Any CPU
	EndGlobalSection
	GlobalSection(SolutionProperties) = preSolution
		HideSolutionNode = FALSE
	EndGlobalSection
	GlobalSection(NestedProjects) = preSolution
		{06730B7E-308A-450B-A743-14832E51BCB6} = {371FAE96-BA9B-4BB5-B7A1-BD297A48B313}
		{A0EF7FBA-7A05-4C9F-A9D7-4D10D6B7019D} = {371FAE96-BA9B-4BB5-B7A1-BD297A48B313}
		{14246AE4-4FF3-4EB9-90B2-C7F515605F60} = {371FAE96-BA9B-4BB5-B7A1-BD297A48B313}
		{7D7CAE09-414C-4226-9DE9-58913AEC255A} = {371FAE96-BA9B-4BB5-B7A1-BD297A48B313}
		{6A55B962-4496-423A-8BC0-BB7B262AEFB0} = {02EA681E-C7D8-13C7-8484-4AC65E1B71E8}
		{371FAE96-BA9B-4BB5-B7A1-BD297A48B313} = {02EA681E-C7D8-13C7-8484-4AC65E1B71E8}
		{4219F366-C598-4914-8FDB-C2A7FDBA7520} = {6A55B962-4496-423A-8BC0-BB7B262AEFB0}
		{9A7B335A-40F8-4E1B-B0F6-358E34A3B193} = {6A55B962-4496-423A-8BC0-BB7B262AEFB0}
		{5D280C43-E16C-4113-BC09-38C494533DB8} = {6A55B962-4496-423A-8BC0-BB7B262AEFB0}
		{E010112B-D0F7-49BB-9E25-8950C25239E9} = {6A55B962-4496-423A-8BC0-BB7B262AEFB0}
		{012C2760-9584-4D58-B5DC-5702BEB4550E} = {02EA681E-C7D8-13C7-8484-4AC65E1B71E8}
		{08B46D87-1822-4878-A5D2-B8C918087BE1} = {012C2760-9584-4D58-B5DC-5702BEB4550E}
		{CBFADF38-99F6-4D4C-8288-FA11610A0A3B} = {012C2760-9584-4D58-B5DC-5702BEB4550E}
		{D7C044E3-ECB5-4DE9-8C8A-ECE0FB5F7670} = {012C2760-9584-4D58-B5DC-5702BEB4550E}
		{4EA9553C-C7D5-4046-BE5C-B6583B3C7A6E} = {012C2760-9584-4D58-B5DC-5702BEB4550E}
		{99D411C8-6E5E-45A8-BBEB-D85C36C16DA5} = {02EA681E-C7D8-13C7-8484-4AC65E1B71E8}
		{91C2FD48-8730-458C-AC11-FB0DF743ECF3} = {99D411C8-6E5E-45A8-BBEB-D85C36C16DA5}
		{58683D4F-62B5-4506-8081-A0C2D1D5CC9C} = {99D411C8-6E5E-45A8-BBEB-D85C36C16DA5}
		{48034183-28C7-4561-90C0-D347EDAA58D1} = {99D411C8-6E5E-45A8-BBEB-D85C36C16DA5}
		{F9FBB79F-4242-41DA-B877-45751EE709E3} = {99D411C8-6E5E-45A8-BBEB-D85C36C16DA5}
		{0F2F6A47-4AD8-4F23-B1B3-A8EBCB32378A} = {8F6C37ED-2A87-4C96-9560-18F10A8A1646}
		{53C307EB-AAEC-45AF-B4BB-BC41A0C711CD} = {8F6C37ED-2A87-4C96-9560-18F10A8A1646}
		{0ECE73B9-9112-452E-9455-C8A563D268EB} = {BE1E2FA2-3DB8-4513-B46E-A414068E2216}
	EndGlobalSection
	GlobalSection(ExtensibilityGlobals) = postSolution
		SolutionGuid = {1E33026D-078B-4087-9C12-4B9359D4496E}
	EndGlobalSection
EndGlobal
